
Microsoft Visual Studio Solution File, Format Version 12.00
# Visual Studio Version 17
VisualStudioVersion = 17.14.36301.6 d17.14
MinimumVisualStudioVersion = 10.0.40219.1
Project("{FAE04EC0-301F-11D3-BF4B-00C04F79EFBC}") = "kDrive_client", "kDrive_client\kDrive_client.csproj", "{19C9C6E3-8A26-4B06-9844-F392FEB2BF8E}"
EndProject
Global
	GlobalSection(SolutionConfigurationPlatforms) = preSolution
		Debug|ARM64 = Debug|ARM64
		Debug|x64 = Debug|x64
		Debug|x86 = Debug|x86
		Release|ARM64 = Release|ARM64
		Release|x64 = Release|x64
		Release|x86 = Release|x86
	EndGlobalSection
	GlobalSection(ProjectConfigurationPlatforms) = postSolution
		{19C9C6E3-8A26-4B06-9844-F392FEB2BF8E}.Debug|ARM64.ActiveCfg = Debug|ARM64
		{19C9C6E3-8A26-4B06-9844-F392FEB2BF8E}.Debug|ARM64.Build.0 = Debug|ARM64
		{19C9C6E3-8A26-4B06-9844-F392FEB2BF8E}.Debug|ARM64.Deploy.0 = Debug|ARM64
		{19C9C6E3-8A26-4B06-9844-F392FEB2BF8E}.Debug|x64.ActiveCfg = Debug|x64
		{19C9C6E3-8A26-4B06-9844-F392FEB2BF8E}.Debug|x64.Build.0 = Debug|x64
		{19C9C6E3-8A26-4B06-9844-F392FEB2BF8E}.Debug|x64.Deploy.0 = Debug|x64
		{19C9C6E3-8A26-4B06-9844-F392FEB2BF8E}.Debug|x86.ActiveCfg = Debug|x86
		{19C9C6E3-8A26-4B06-9844-F392FEB2BF8E}.Debug|x86.Build.0 = Debug|x86
		{19C9C6E3-8A26-4B06-9844-F392FEB2BF8E}.Debug|x86.Deploy.0 = Debug|x86
		{19C9C6E3-8A26-4B06-9844-F392FEB2BF8E}.Release|ARM64.ActiveCfg = Release|ARM64
		{19C9C6E3-8A26-4B06-9844-F392FEB2BF8E}.Release|ARM64.Build.0 = Release|ARM64
		{19C9C6E3-8A26-4B06-9844-F392FEB2BF8E}.Release|ARM64.Deploy.0 = Release|ARM64
		{19C9C6E3-8A26-4B06-9844-F392FEB2BF8E}.Release|x64.ActiveCfg = Release|x64
		{19C9C6E3-8A26-4B06-9844-F392FEB2BF8E}.Release|x64.Build.0 = Release|x64
		{19C9C6E3-8A26-4B06-9844-F392FEB2BF8E}.Release|x64.Deploy.0 = Release|x64
		{19C9C6E3-8A26-4B06-9844-F392FEB2BF8E}.Release|x86.ActiveCfg = Release|x86
		{19C9C6E3-8A26-4B06-9844-F392FEB2BF8E}.Release|x86.Build.0 = Release|x86
		{19C9C6E3-8A26-4B06-9844-F392FEB2BF8E}.Release|x86.Deploy.0 = Release|x86
	EndGlobalSection
	GlobalSection(SolutionProperties) = preSolution
		HideSolutionNode = FALSE
	EndGlobalSection
	GlobalSection(ExtensibilityGlobals) = postSolution
		SolutionGuid = {57E73C35-8DBC-4DA4-9A28-043CEFA06ABB}
	EndGlobalSection
EndGlobal
