
Microsoft Visual Studio Solution File, Format Version 12.00
# Visual Studio Version 16
VisualStudioVersion = 16.0.30517.126
MinimumVisualStudioVersion = 10.0.40219.1
Project("{8BC9CEB8-8B4A-11D0-8D11-00A0C91BC942}") = "Vfs", "Vfs\Vfs.vcxproj", "{2F38A27E-462A-4934-939A-4E22F0C477A3}"
EndProject
Project("{8BC9CEB8-8B4A-11D0-8D11-00A0C91BC942}") = "FileExplorerExtension", "FileExplorerExtension\FileExplorerExtension.vcxproj", "{D2DF4790-F513-48B3-93C7-F8EC447EFA01}"
EndProject
Project("{C7167F0D-BC9F-4E6E-AFE1-012C56B48DB5}") = "FileExplorerExtensionPackage", "FileExplorerExtensionPackage\FileExplorerExtensionPackage.wapproj", "{128641B5-57A8-4367-87E2-1EB8E44BD25E}"
EndProject
Global
	GlobalSection(SolutionConfigurationPlatforms) = preSolution
		Debug|Any CPU = Debug|Any CPU
		Debug|ARM = Debug|ARM
		Debug|ARM64 = Debug|ARM64
		Debug|x64 = Debug|x64
		Debug|x86 = Debug|x86
		Release|Any CPU = Release|Any CPU
		Release|ARM = Release|ARM
		Release|ARM64 = Release|ARM64
		Release|x64 = Release|x64
		Release|x86 = Release|x86
	EndGlobalSection
	GlobalSection(ProjectConfigurationPlatforms) = postSolution
		{2F38A27E-462A-4934-939A-4E22F0C477A3}.Debug|Any CPU.ActiveCfg = Debug|Win32
		{2F38A27E-462A-4934-939A-4E22F0C477A3}.Debug|ARM.ActiveCfg = Debug|Win32
		{2F38A27E-462A-4934-939A-4E22F0C477A3}.Debug|ARM64.ActiveCfg = Debug|Win32
		{2F38A27E-462A-4934-939A-4E22F0C477A3}.Debug|x64.ActiveCfg = Debug|x64
		{2F38A27E-462A-4934-939A-4E22F0C477A3}.Debug|x64.Build.0 = Debug|x64
		{2F38A27E-462A-4934-939A-4E22F0C477A3}.Debug|x86.ActiveCfg = Debug|Win32
		{2F38A27E-462A-4934-939A-4E22F0C477A3}.Debug|x86.Build.0 = Debug|Win32
		{2F38A27E-462A-4934-939A-4E22F0C477A3}.Release|Any CPU.ActiveCfg = Release|Win32
		{2F38A27E-462A-4934-939A-4E22F0C477A3}.Release|ARM.ActiveCfg = Release|Win32
		{2F38A27E-462A-4934-939A-4E22F0C477A3}.Release|ARM64.ActiveCfg = Release|x64
		{2F38A27E-462A-4934-939A-4E22F0C477A3}.Release|x64.ActiveCfg = Release|x64
		{2F38A27E-462A-4934-939A-4E22F0C477A3}.Release|x64.Build.0 = Release|x64
		{2F38A27E-462A-4934-939A-4E22F0C477A3}.Release|x86.ActiveCfg = Release|Win32
		{2F38A27E-462A-4934-939A-4E22F0C477A3}.Release|x86.Build.0 = Release|Win32
		{D2DF4790-F513-48B3-93C7-F8EC447EFA01}.Debug|Any CPU.ActiveCfg = Debug|Win32
		{D2DF4790-F513-48B3-93C7-F8EC447EFA01}.Debug|ARM.ActiveCfg = Debug|Win32
		{D2DF4790-F513-48B3-93C7-F8EC447EFA01}.Debug|ARM64.ActiveCfg = Debug|Win32
		{D2DF4790-F513-48B3-93C7-F8EC447EFA01}.Debug|x64.ActiveCfg = Debug|x64
		{D2DF4790-F513-48B3-93C7-F8EC447EFA01}.Debug|x64.Build.0 = Debug|x64
		{D2DF4790-F513-48B3-93C7-F8EC447EFA01}.Debug|x86.ActiveCfg = Debug|Win32
		{D2DF4790-F513-48B3-93C7-F8EC447EFA01}.Debug|x86.Build.0 = Debug|Win32
		{D2DF4790-F513-48B3-93C7-F8EC447EFA01}.Release|Any CPU.ActiveCfg = Release|Win32
		{D2DF4790-F513-48B3-93C7-F8EC447EFA01}.Release|ARM.ActiveCfg = Release|Win32
		{D2DF4790-F513-48B3-93C7-F8EC447EFA01}.Release|ARM64.ActiveCfg = Release|x64
		{D2DF4790-F513-48B3-93C7-F8EC447EFA01}.Release|x64.ActiveCfg = Release|x64
		{D2DF4790-F513-48B3-93C7-F8EC447EFA01}.Release|x64.Build.0 = Release|x64
		{D2DF4790-F513-48B3-93C7-F8EC447EFA01}.Release|x86.ActiveCfg = Release|Win32
		{D2DF4790-F513-48B3-93C7-F8EC447EFA01}.Release|x86.Build.0 = Release|Win32
		{128641B5-57A8-4367-87E2-1EB8E44BD25E}.Debug|Any CPU.ActiveCfg = Debug|Any CPU
		{128641B5-57A8-4367-87E2-1EB8E44BD25E}.Debug|Any CPU.Build.0 = Debug|Any CPU
		{128641B5-57A8-4367-87E2-1EB8E44BD25E}.Debug|Any CPU.Deploy.0 = Debug|Any CPU
		{128641B5-57A8-4367-87E2-1EB8E44BD25E}.Debug|ARM.ActiveCfg = Debug|ARM
		{128641B5-57A8-4367-87E2-1EB8E44BD25E}.Debug|ARM.Build.0 = Debug|ARM
		{128641B5-57A8-4367-87E2-1EB8E44BD25E}.Debug|ARM.Deploy.0 = Debug|ARM
		{128641B5-57A8-4367-87E2-1EB8E44BD25E}.Debug|ARM64.ActiveCfg = Debug|ARM64
		{128641B5-57A8-4367-87E2-1EB8E44BD25E}.Debug|ARM64.Build.0 = Debug|ARM64
		{128641B5-57A8-4367-87E2-1EB8E44BD25E}.Debug|ARM64.Deploy.0 = Debug|ARM64
		{128641B5-57A8-4367-87E2-1EB8E44BD25E}.Debug|x64.ActiveCfg = Debug|x64
		{128641B5-57A8-4367-87E2-1EB8E44BD25E}.Debug|x64.Build.0 = Debug|x64
		{128641B5-57A8-4367-87E2-1EB8E44BD25E}.Debug|x64.Deploy.0 = Debug|x64
		{128641B5-57A8-4367-87E2-1EB8E44BD25E}.Debug|x86.ActiveCfg = Debug|x86
		{128641B5-57A8-4367-87E2-1EB8E44BD25E}.Debug|x86.Build.0 = Debug|x86
		{128641B5-57A8-4367-87E2-1EB8E44BD25E}.Debug|x86.Deploy.0 = Debug|x86
		{128641B5-57A8-4367-87E2-1EB8E44BD25E}.Release|Any CPU.ActiveCfg = Release|Any CPU
		{128641B5-57A8-4367-87E2-1EB8E44BD25E}.Release|Any CPU.Build.0 = Release|Any CPU
		{128641B5-57A8-4367-87E2-1EB8E44BD25E}.Release|Any CPU.Deploy.0 = Release|Any CPU
		{128641B5-57A8-4367-87E2-1EB8E44BD25E}.Release|ARM.ActiveCfg = Release|ARM
		{128641B5-57A8-4367-87E2-1EB8E44BD25E}.Release|ARM.Build.0 = Release|ARM
		{128641B5-57A8-4367-87E2-1EB8E44BD25E}.Release|ARM.Deploy.0 = Release|ARM
		{128641B5-57A8-4367-87E2-1EB8E44BD25E}.Release|ARM64.ActiveCfg = Release|ARM64
		{128641B5-57A8-4367-87E2-1EB8E44BD25E}.Release|ARM64.Build.0 = Release|ARM64
		{128641B5-57A8-4367-87E2-1EB8E44BD25E}.Release|ARM64.Deploy.0 = Release|ARM64
		{128641B5-57A8-4367-87E2-1EB8E44BD25E}.Release|x64.ActiveCfg = Release|x64
		{128641B5-57A8-4367-87E2-1EB8E44BD25E}.Release|x64.Build.0 = Release|x64
		{128641B5-57A8-4367-87E2-1EB8E44BD25E}.Release|x64.Deploy.0 = Release|x64
		{128641B5-57A8-4367-87E2-1EB8E44BD25E}.Release|x86.ActiveCfg = Release|x86
		{128641B5-57A8-4367-87E2-1EB8E44BD25E}.Release|x86.Build.0 = Release|x86
		{128641B5-57A8-4367-87E2-1EB8E44BD25E}.Release|x86.Deploy.0 = Release|x86
	EndGlobalSection
	GlobalSection(SolutionProperties) = preSolution
		HideSolutionNode = FALSE
	EndGlobalSection
	GlobalSection(ExtensibilityGlobals) = postSolution
		SolutionGuid = {6A680656-2A14-4599-BC3D-544CB001AD9A}
	EndGlobalSection
EndGlobal
