{
  "originHash" : "26f4b038697fb2961312828a038a1c55b47bdd38ce6ccf598c9ea812a2cc17fc",
  "pins" : [
    {
      "identity" : "ios-dependency-injection",
      "kind" : "remoteSourceControl",
      "location" : "https://github.com/Infomaniak/ios-dependency-injection.git",
      "state" : {
        "branch" : "feat/dynamic-library",
        "revision" : "06331350d2d7585a3f9f39d5e757b2b5328bcbd7"
      }
    },
    {
      "identity" : "ios-login",
      "kind" : "remoteSourceControl",
      "location" : "https://github.com/Infomaniak/ios-login.git",
      "state" : {
        "branch" : "chore/swift-5.10",
        "revision" : "e8001a1bcb7d4267eb5db106ee97ed10c5047317"
      }
    },
    {
      "identity" : "lottie-spm",
      "kind" : "remoteSourceControl",
      "location" : "https://github.com/airbnb/lottie-spm.git",
      "state" : {
        "revision" : "04f2fd18cc9404a0a0917265a449002674f24ec9",
        "version" : "4.5.2"
      }
    },
    {
      "identity" : "sentry-cocoa",
      "kind" : "remoteSourceControl",
      "location" : "git@github.com:getsentry/sentry-cocoa.git",
      "state" : {
        "revision" : "8627bbc0e663238d516b541d8fc7edd62a627fde",
        "version" : "8.57.3"
      }
    },
    {
      "identity" : "swift-collections",
      "kind" : "remoteSourceControl",
      "location" : "https://github.com/apple/swift-collections.git",
      "state" : {
        "revision" : "7b847a3b7008b2dc2f47ca3110d8c782fb2e5c7e",
        "version" : "1.3.0"
      }
    },
    {
      "identity" : "swift-concurrency",
      "kind" : "remoteSourceControl",
      "location" : "https://github.com/Infomaniak/swift-concurrency.git",
      "state" : {
        "revision" : "97ae7c9b998a43812d3f57ae106cb447a853bf3b",
        "version" : "1.0.0"
      }
    },
    {
      "identity" : "swift-foundation",
      "kind" : "remoteSourceControl",
      "location" : "https://github.com/Infomaniak/swift-foundation.git",
      "state" : {
        "revision" : "37ef5bf8dc138598a41d53a81c04984fa74235d3",
        "version" : "0.1.0"
      }
    }
  ],
  "version" : 3
}
