{
  "originHash" : "59dcd3e973a2a013d78e5488c60c84225ffc96bbea368d6e2d35edb602f50996",
  "pins" : [
    {
      "identity" : "ios-dependency-injection",
      "kind" : "remoteSourceControl",
      "location" : "https://github.com/Infomaniak/ios-dependency-injection.git",
      "state" : {
        "revision" : "f6aa8ebc6fe1311deb5eb5ec09ccc695ba84a265",
        "version" : "2.0.5"
      }
    },
    {
      "identity" : "ios-login",
      "kind" : "remoteSourceControl",
      "location" : "https://github.com/Infomaniak/ios-login.git",
      "state" : {
        "branch" : "chore/swift-5.10",
        "revision" : "e8001a1bcb7d4267eb5db106ee97ed10c5047317"
      }
    },
    {
      "identity" : "lottie-spm",
      "kind" : "remoteSourceControl",
      "location" : "https://github.com/airbnb/lottie-spm.git",
      "state" : {
        "revision" : "04f2fd18cc9404a0a0917265a449002674f24ec9",
        "version" : "4.5.2"
      }
    },
    {
      "identity" : "sentry-cocoa",
      "kind" : "remoteSourceControl",
      "location" : "git@github.com:getsentry/sentry-cocoa.git",
      "state" : {
        "revision" : "8627bbc0e663238d516b541d8fc7edd62a627fde",
        "version" : "8.57.3"
      }
    }
  ],
  "version" : 3
}
